
Microsoft Visual Studio Solution File, Format Version 12.00
# Visual Studio Version 16
VisualStudioVersion = 16.0.30114.105
MinimumVisualStudioVersion = 10.0.40219.1
Project("{F2A71F9B-5D33-465A-A702-920D77279786}") = "Lab2", "Lab2\Lab2.fsproj", "{4BFCB4C2-4401-4280-98F0-83CD21F3EBBD}"
EndProject
Project("{F2A71F9B-5D33-465A-A702-920D77279786}") = "Lab1", "Lab1\Lab1.fsproj", "{AE28F251-9ABF-4647-A60B-5F6CF5C294C5}"
EndProject
Project("{F2A71F9B-5D33-465A-A702-920D77279786}") = "Lab3", "Lab3\Lab3.fsproj", "{D34CD719-605B-431C-8B28-D42C8729D15E}"
EndProject
Project("{F2A71F9B-5D33-465A-A702-920D77279786}") = "Lab4", "Lab4\Lab4.fsproj", "{4E7FF92D-9661-49E8-8721-7513285BFD8B}"
EndProject
Project("{F2A71F9B-5D33-465A-A702-920D77279786}") = "Lab5", "Lab5\Lab5.fsproj", "{517B358D-A412-412B-B467-E669DFC51907}"
EndProject
Project("{FAE04EC0-301F-11D3-BF4B-00C04F79EFBC}") = "Lab9", "Lab9\Lab9.csproj", "{75196249-15BC-4E6F-A96A-76C104C334DA}"
EndProject
Global
	GlobalSection(SolutionConfigurationPlatforms) = preSolution
		Debug|Any CPU = Debug|Any CPU
		Release|Any CPU = Release|Any CPU
	EndGlobalSection
	GlobalSection(SolutionProperties) = preSolution
		HideSolutionNode = FALSE
	EndGlobalSection
	GlobalSection(ProjectConfigurationPlatforms) = postSolution
		{4BFCB4C2-4401-4280-98F0-83CD21F3EBBD}.Debug|Any CPU.ActiveCfg = Debug|Any CPU
		{4BFCB4C2-4401-4280-98F0-83CD21F3EBBD}.Debug|Any CPU.Build.0 = Debug|Any CPU
		{4BFCB4C2-4401-4280-98F0-83CD21F3EBBD}.Release|Any CPU.ActiveCfg = Release|Any CPU
		{4BFCB4C2-4401-4280-98F0-83CD21F3EBBD}.Release|Any CPU.Build.0 = Release|Any CPU
		{AE28F251-9ABF-4647-A60B-5F6CF5C294C5}.Debug|Any CPU.ActiveCfg = Debug|Any CPU
		{AE28F251-9ABF-4647-A60B-5F6CF5C294C5}.Debug|Any CPU.Build.0 = Debug|Any CPU
		{AE28F251-9ABF-4647-A60B-5F6CF5C294C5}.Release|Any CPU.ActiveCfg = Release|Any CPU
		{AE28F251-9ABF-4647-A60B-5F6CF5C294C5}.Release|Any CPU.Build.0 = Release|Any CPU
		{D34CD719-605B-431C-8B28-D42C8729D15E}.Debug|Any CPU.ActiveCfg = Debug|Any CPU
		{D34CD719-605B-431C-8B28-D42C8729D15E}.Debug|Any CPU.Build.0 = Debug|Any CPU
		{D34CD719-605B-431C-8B28-D42C8729D15E}.Release|Any CPU.ActiveCfg = Release|Any CPU
		{D34CD719-605B-431C-8B28-D42C8729D15E}.Release|Any CPU.Build.0 = Release|Any CPU
		{4E7FF92D-9661-49E8-8721-7513285BFD8B}.Debug|Any CPU.ActiveCfg = Debug|Any CPU
		{4E7FF92D-9661-49E8-8721-7513285BFD8B}.Debug|Any CPU.Build.0 = Debug|Any CPU
		{4E7FF92D-9661-49E8-8721-7513285BFD8B}.Release|Any CPU.ActiveCfg = Release|Any CPU
		{4E7FF92D-9661-49E8-8721-7513285BFD8B}.Release|Any CPU.Build.0 = Release|Any CPU
		{517B358D-A412-412B-B467-E669DFC51907}.Debug|Any CPU.ActiveCfg = Debug|Any CPU
		{517B358D-A412-412B-B467-E669DFC51907}.Debug|Any CPU.Build.0 = Debug|Any CPU
		{517B358D-A412-412B-B467-E669DFC51907}.Release|Any CPU.ActiveCfg = Release|Any CPU
		{517B358D-A412-412B-B467-E669DFC51907}.Release|Any CPU.Build.0 = Release|Any CPU
		{42CF3CFB-511A-4CB7-A4BB-87AE93AEE991}.Debug|Any CPU.ActiveCfg = Debug|Any CPU
		{42CF3CFB-511A-4CB7-A4BB-87AE93AEE991}.Debug|Any CPU.Build.0 = Debug|Any CPU
		{42CF3CFB-511A-4CB7-A4BB-87AE93AEE991}.Release|Any CPU.ActiveCfg = Release|Any CPU
		{42CF3CFB-511A-4CB7-A4BB-87AE93AEE991}.Release|Any CPU.Build.0 = Release|Any CPU
		{75196249-15BC-4E6F-A96A-76C104C334DA}.Debug|Any CPU.ActiveCfg = Debug|Any CPU
		{75196249-15BC-4E6F-A96A-76C104C334DA}.Debug|Any CPU.Build.0 = Debug|Any CPU
		{75196249-15BC-4E6F-A96A-76C104C334DA}.Release|Any CPU.ActiveCfg = Release|Any CPU
		{75196249-15BC-4E6F-A96A-76C104C334DA}.Release|Any CPU.Build.0 = Release|Any CPU
	EndGlobalSection
EndGlobal
